
Microsoft Visual Studio Solution File, Format Version 11.00
# Visual C# Express 2010
Project("{FAE04EC0-301F-11D3-BF4B-00C04F79EFBC}") = "ASR", "ASR\ASR.csproj", "{E70A7163-1562-49B3-8AB5-72EF361464E3}"
EndProject
Project("{FAE04EC0-301F-11D3-BF4B-00C04F79EFBC}") = "SpeechRecognition", "SpeechRecognition\SpeechRecognition.csproj", "{078FE575-E79B-4AC8-85A0-976F6B0B9C49}"
EndProject
Project("{FAE04EC0-301F-11D3-BF4B-00C04F79EFBC}") = "PlayerTester", "PlayerTester\PlayerTester.csproj", "{B1486100-3387-404D-812A-85BDCBDBB71E}"
EndProject
Project("{FAE04EC0-301F-11D3-BF4B-00C04F79EFBC}") = "PlayerTrainer", "PlayerTrainer\PlayerTrainer.csproj", "{23F218BF-DF86-4030-AB6D-13F661D6427D}"
EndProject
Global
	GlobalSection(SolutionConfigurationPlatforms) = preSolution
		Debug|x86 = Debug|x86
		Release|x86 = Release|x86
	EndGlobalSection
	GlobalSection(ProjectConfigurationPlatforms) = postSolution
		{E70A7163-1562-49B3-8AB5-72EF361464E3}.Debug|x86.ActiveCfg = Debug|x86
		{E70A7163-1562-49B3-8AB5-72EF361464E3}.Debug|x86.Build.0 = Debug|x86
		{E70A7163-1562-49B3-8AB5-72EF361464E3}.Release|x86.ActiveCfg = Release|x86
		{E70A7163-1562-49B3-8AB5-72EF361464E3}.Release|x86.Build.0 = Release|x86
		{078FE575-E79B-4AC8-85A0-976F6B0B9C49}.Debug|x86.ActiveCfg = Debug|x86
		{078FE575-E79B-4AC8-85A0-976F6B0B9C49}.Debug|x86.Build.0 = Debug|x86
		{078FE575-E79B-4AC8-85A0-976F6B0B9C49}.Release|x86.ActiveCfg = Release|x86
		{078FE575-E79B-4AC8-85A0-976F6B0B9C49}.Release|x86.Build.0 = Release|x86
		{B1486100-3387-404D-812A-85BDCBDBB71E}.Debug|x86.ActiveCfg = Debug|x86
		{B1486100-3387-404D-812A-85BDCBDBB71E}.Debug|x86.Build.0 = Debug|x86
		{B1486100-3387-404D-812A-85BDCBDBB71E}.Release|x86.ActiveCfg = Release|x86
		{B1486100-3387-404D-812A-85BDCBDBB71E}.Release|x86.Build.0 = Release|x86
		{23F218BF-DF86-4030-AB6D-13F661D6427D}.Debug|x86.ActiveCfg = Debug|x86
		{23F218BF-DF86-4030-AB6D-13F661D6427D}.Debug|x86.Build.0 = Debug|x86
		{23F218BF-DF86-4030-AB6D-13F661D6427D}.Release|x86.ActiveCfg = Release|x86
		{23F218BF-DF86-4030-AB6D-13F661D6427D}.Release|x86.Build.0 = Release|x86
	EndGlobalSection
	GlobalSection(SolutionProperties) = preSolution
		HideSolutionNode = FALSE
	EndGlobalSection
EndGlobal
